
Microsoft Visual Studio Solution File, Format Version 12.00
# Visual Studio Version 17
VisualStudioVersion = 17.6.33829.357
MinimumVisualStudioVersion = 10.0.40219.1
Project("{FAE04EC0-301F-11D3-BF4B-00C04F79EFBC}") = "Hometask", "Hometask.csproj", "{E172A7CE-872A-4DBB-B6F7-46F62A517DBA}"
EndProject
Global
	GlobalSection(SolutionConfigurationPlatforms) = preSolution
		Debug|Any CPU = Debug|Any CPU
		Release|Any CPU = Release|Any CPU
	EndGlobalSection
	GlobalSection(ProjectConfigurationPlatforms) = postSolution
		{E172A7CE-872A-4DBB-B6F7-46F62A517DBA}.Debug|Any CPU.ActiveCfg = Debug|Any CPU
		{E172A7CE-872A-4DBB-B6F7-46F62A517DBA}.Debug|Any CPU.Build.0 = Debug|Any CPU
		{E172A7CE-872A-4DBB-B6F7-46F62A517DBA}.Release|Any CPU.ActiveCfg = Release|Any CPU
		{E172A7CE-872A-4DBB-B6F7-46F62A517DBA}.Release|Any CPU.Build.0 = Release|Any CPU
	EndGlobalSection
	GlobalSection(SolutionProperties) = preSolution
		HideSolutionNode = FALSE
	EndGlobalSection
	GlobalSection(ExtensibilityGlobals) = postSolution
		SolutionGuid = {0C0F7AD3-F7AA-49AE-8D0F-000F8900C339}
	EndGlobalSection
EndGlobal
